
Microsoft Visual Studio Solution File, Format Version 12.00
# Visual Studio Version 17
VisualStudioVersion = 17.9.34607.119
MinimumVisualStudioVersion = 10.0.40219.1
Project("{E24C65DC-7377-472B-9ABA-BC803B73C61A}") = "Log Hours Website", "http://localhost:51899", "{9D94FB8C-3B1F-4728-B7E1-1440D5A2AFFB}"
	ProjectSection(WebsiteProperties) = preProject
		UseIISExpress = "true"
		TargetFrameworkMoniker = ".NETFramework,Version%3Dv4.8"
		Debug.AspNetCompiler.VirtualPath = "/localhost_51899"
		Debug.AspNetCompiler.PhysicalPath = "..\..\..\Documents\My Web Sites\Log Hours Website\"
		Debug.AspNetCompiler.TargetPath = "PrecompiledWeb\localhost_51899\"
		Debug.AspNetCompiler.Updateable = "true"
		Debug.AspNetCompiler.ForceOverwrite = "true"
		Debug.AspNetCompiler.FixedNames = "false"
		Debug.AspNetCompiler.Debug = "True"
		Release.AspNetCompiler.VirtualPath = "/localhost_51899"
		Release.AspNetCompiler.PhysicalPath = "..\..\..\Documents\My Web Sites\Log Hours Website\"
		Release.AspNetCompiler.TargetPath = "PrecompiledWeb\localhost_51899\"
		Release.AspNetCompiler.Updateable = "true"
		Release.AspNetCompiler.ForceOverwrite = "true"
		Release.AspNetCompiler.FixedNames = "false"
		Release.AspNetCompiler.Debug = "False"
		SlnRelativePath = "..\..\..\Documents\My Web Sites\Log Hours Website\"
	EndProjectSection
EndProject
Global
	GlobalSection(SolutionConfigurationPlatforms) = preSolution
		Debug|Any CPU = Debug|Any CPU
	EndGlobalSection
	GlobalSection(ProjectConfigurationPlatforms) = postSolution
		{9D94FB8C-3B1F-4728-B7E1-1440D5A2AFFB}.Debug|Any CPU.ActiveCfg = Debug|Any CPU
		{9D94FB8C-3B1F-4728-B7E1-1440D5A2AFFB}.Debug|Any CPU.Build.0 = Debug|Any CPU
	EndGlobalSection
	GlobalSection(SolutionProperties) = preSolution
		HideSolutionNode = FALSE
	EndGlobalSection
	GlobalSection(ExtensibilityGlobals) = postSolution
		SolutionGuid = {F6B0F9BD-B949-4063-9A74-78FD75F7DE7A}
	EndGlobalSection
EndGlobal
